
Microsoft Visual Studio Solution File, Format Version 12.00
# Visual Studio 15
Project("{FAE04EC0-301F-11D3-BF4B-00C04F79EFBC}") = "UIThreadHangAddin", "UIThreadHangAddin\UIThreadHangAddin.csproj", "{B48C72D4-8224-4674-BF22-455652BE0FFD}"
EndProject
Global
	GlobalSection(SolutionConfigurationPlatforms) = preSolution
		Debug|Any CPU = Debug|Any CPU
		Release|Any CPU = Release|Any CPU
	EndGlobalSection
	GlobalSection(ProjectConfigurationPlatforms) = postSolution
		{B48C72D4-8224-4674-BF22-455652BE0FFD}.Debug|Any CPU.ActiveCfg = Debug|Any CPU
		{B48C72D4-8224-4674-BF22-455652BE0FFD}.Debug|Any CPU.Build.0 = Debug|Any CPU
		{B48C72D4-8224-4674-BF22-455652BE0FFD}.Release|Any CPU.ActiveCfg = Release|Any CPU
		{B48C72D4-8224-4674-BF22-455652BE0FFD}.Release|Any CPU.Build.0 = Release|Any CPU
	EndGlobalSection
EndGlobal
